
Microsoft Visual Studio Solution File, Format Version 12.00
# Visual Studio Version 16
VisualStudioVersion = 16.0.30611.23
MinimumVisualStudioVersion = 10.0.40219.1
Project("{FAE04EC0-301F-11D3-BF4B-00C04F79EFBC}") = "ArWallpaper Configuration Tool", "ArWallpaper Configuration Tool.csproj", "{973C0736-1766-40CC-8D7A-7056AB6756B6}"
EndProject
Global
	GlobalSection(SolutionConfigurationPlatforms) = preSolution
		Debug|Any CPU = Debug|Any CPU
		Release|Any CPU = Release|Any CPU
	EndGlobalSection
	GlobalSection(ProjectConfigurationPlatforms) = postSolution
		{973C0736-1766-40CC-8D7A-7056AB6756B6}.Debug|Any CPU.ActiveCfg = Debug|Any CPU
		{973C0736-1766-40CC-8D7A-7056AB6756B6}.Debug|Any CPU.Build.0 = Debug|Any CPU
		{973C0736-1766-40CC-8D7A-7056AB6756B6}.Release|Any CPU.ActiveCfg = Release|Any CPU
		{973C0736-1766-40CC-8D7A-7056AB6756B6}.Release|Any CPU.Build.0 = Release|Any CPU
	EndGlobalSection
	GlobalSection(SolutionProperties) = preSolution
		HideSolutionNode = FALSE
	EndGlobalSection
	GlobalSection(ExtensibilityGlobals) = postSolution
		SolutionGuid = {8ACE4AEE-8991-451B-B9AA-BB0A4AF44E54}
	EndGlobalSection
EndGlobal
